
Microsoft Visual Studio Solution File, Format Version 12.00
# Visual Studio 15
VisualStudioVersion = 15.0.27703.2047
MinimumVisualStudioVersion = 10.0.40219.1
Project("{9A19103F-16F7-4668-BE54-9A1E7A4F7556}") = "PesonManagement", "PesonManagement\PesonManagement.csproj", "{F7720D1E-7FFC-402B-B136-262E2E84E1B5}"
EndProject
Project("{FAE04EC0-301F-11D3-BF4B-00C04F79EFBC}") = "PersonManagement.WebAPI", "PersonManagement.WebAPI\PersonManagement.WebAPI.csproj", "{5B243F9F-7C17-496D-AE3F-C5A02900578C}"
EndProject
Global
	GlobalSection(SolutionConfigurationPlatforms) = preSolution
		Debug|Any CPU = Debug|Any CPU
		Release|Any CPU = Release|Any CPU
	EndGlobalSection
	GlobalSection(ProjectConfigurationPlatforms) = postSolution
		{F7720D1E-7FFC-402B-B136-262E2E84E1B5}.Debug|Any CPU.ActiveCfg = Debug|Any CPU
		{F7720D1E-7FFC-402B-B136-262E2E84E1B5}.Debug|Any CPU.Build.0 = Debug|Any CPU
		{F7720D1E-7FFC-402B-B136-262E2E84E1B5}.Release|Any CPU.ActiveCfg = Release|Any CPU
		{F7720D1E-7FFC-402B-B136-262E2E84E1B5}.Release|Any CPU.Build.0 = Release|Any CPU
		{5B243F9F-7C17-496D-AE3F-C5A02900578C}.Debug|Any CPU.ActiveCfg = Debug|Any CPU
		{5B243F9F-7C17-496D-AE3F-C5A02900578C}.Debug|Any CPU.Build.0 = Debug|Any CPU
		{5B243F9F-7C17-496D-AE3F-C5A02900578C}.Release|Any CPU.ActiveCfg = Release|Any CPU
		{5B243F9F-7C17-496D-AE3F-C5A02900578C}.Release|Any CPU.Build.0 = Release|Any CPU
	EndGlobalSection
	GlobalSection(SolutionProperties) = preSolution
		HideSolutionNode = FALSE
	EndGlobalSection
	GlobalSection(ExtensibilityGlobals) = postSolution
		SolutionGuid = {2DB67697-C8F0-4BCA-96D4-2A5BDEEE4E43}
	EndGlobalSection
EndGlobal
